// !$*UTF8*$!
{
	archiveVersion = 1;
	classes = {
	};
	objectVersion = 50;
	objects = {

/* Begin PBXBuildFile section */
		9C27572B221EC4B200C1622A /* MyParticle.sks in Resources */ = {isa = PBXBuildFile; fileRef = 9C27572A221EC4B200C1622A /* MyParticle.sks */; };
		9C275731221EC57600C1622A /* Assets.xcassets in Resources */ = {isa = PBXBuildFile; fileRef = 9C27572F221EC57600C1622A /* Assets.xcassets */; };
		9C275737221EC73300C1622A /* ParticleTestController.swift in Sources */ = {isa = PBXBuildFile; fileRef = 9C275736221EC73300C1622A /* ParticleTestController.swift */; };
		9C27573B221ECABC00C1622A /* MyParticle222.sks in Resources */ = {isa = PBXBuildFile; fileRef = 9C27573A221ECABC00C1622A /* MyParticle222.sks */; };
		9C27573D221EDA8200C1622A /* Star.png in Resources */ = {isa = PBXBuildFile; fileRef = 9C27573C221EDA8100C1622A /* Star.png */; };
		9C523DF922104A7E00A915D9 /* AppDelegate.swift in Sources */ = {isa = PBXBuildFile; fileRef = 9C523DF822104A7E00A915D9 /* AppDelegate.swift */; };
		9C523DFB22104A7E00A915D9 /* ViewController.swift in Sources */ = {isa = PBXBuildFile; fileRef = 9C523DFA22104A7E00A915D9 /* ViewController.swift */; };
		9C523DFE22104A7E00A915D9 /* Main.storyboard in Resources */ = {isa = PBXBuildFile; fileRef = 9C523DFC22104A7E00A915D9 /* Main.storyboard */; };
		9C523E0022104A7E00A915D9 /* Assets.xcassets in Resources */ = {isa = PBXBuildFile; fileRef = 9C523DFF22104A7E00A915D9 /* Assets.xcassets */; };
		9C523E0322104A7E00A915D9 /* LaunchScreen.storyboard in Resources */ = {isa = PBXBuildFile; fileRef = 9C523E0122104A7E00A915D9 /* LaunchScreen.storyboard */; };
		9CA9E8552227306100C7BDBE /* MyParticle4.sks in Resources */ = {isa = PBXBuildFile; fileRef = 9CA9E8542227306100C7BDBE /* MyParticle4.sks */; };
		9CF76BF3221E03FB008D5078 /* UiviewExtension.swift in Sources */ = {isa = PBXBuildFile; fileRef = 9CF76BF2221E03FB008D5078 /* UiviewExtension.swift */; };
/* End PBXBuildFile section */

/* Begin PBXFileReference section */
		9C27572A221EC4B200C1622A /* MyParticle.sks */ = {isa = PBXFileReference; lastKnownFileType = file.sks; path = MyParticle.sks; sourceTree = "<group>"; };
		9C27572F221EC57600C1622A /* Assets.xcassets */ = {isa = PBXFileReference; lastKnownFileType = folder.assetcatalog; path = Assets.xcassets; sourceTree = "<group>"; };
		9C275736221EC73300C1622A /* ParticleTestController.swift */ = {isa = PBXFileReference; lastKnownFileType = sourcecode.swift; path = ParticleTestController.swift; sourceTree = "<group>"; };
		9C27573A221ECABC00C1622A /* MyParticle222.sks */ = {isa = PBXFileReference; lastKnownFileType = file.sks; path = MyParticle222.sks; sourceTree = "<group>"; };
		9C27573C221EDA8100C1622A /* Star.png */ = {isa = PBXFileReference; lastKnownFileType = image.png; path = Star.png; sourceTree = "<group>"; };
		9C523DF522104A7E00A915D9 /* MediumClap.app */ = {isa = PBXFileReference; explicitFileType = wrapper.application; includeInIndex = 0; path = MediumClap.app; sourceTree = BUILT_PRODUCTS_DIR; };
		9C523DF822104A7E00A915D9 /* AppDelegate.swift */ = {isa = PBXFileReference; lastKnownFileType = sourcecode.swift; path = AppDelegate.swift; sourceTree = "<group>"; };
		9C523DFA22104A7E00A915D9 /* ViewController.swift */ = {isa = PBXFileReference; lastKnownFileType = sourcecode.swift; path = ViewController.swift; sourceTree = "<group>"; };
		9C523DFD22104A7E00A915D9 /* Base */ = {isa = PBXFileReference; lastKnownFileType = file.storyboard; name = Base; path = Base.lproj/Main.storyboard; sourceTree = "<group>"; };
		9C523DFF22104A7E00A915D9 /* Assets.xcassets */ = {isa = PBXFileReference; lastKnownFileType = folder.assetcatalog; path = Assets.xcassets; sourceTree = "<group>"; };
		9C523E0222104A7E00A915D9 /* Base */ = {isa = PBXFileReference; lastKnownFileType = file.storyboard; name = Base; path = Base.lproj/LaunchScreen.storyboard; sourceTree = "<group>"; };
		9C523E0422104A7E00A915D9 /* Info.plist */ = {isa = PBXFileReference; lastKnownFileType = text.plist.xml; path = Info.plist; sourceTree = "<group>"; };
		9CA9E8542227306100C7BDBE /* MyParticle4.sks */ = {isa = PBXFileReference; lastKnownFileType = file.sks; path = MyParticle4.sks; sourceTree = "<group>"; };
		9CF76BF2221E03FB008D5078 /* UiviewExtension.swift */ = {isa = PBXFileReference; lastKnownFileType = sourcecode.swift; path = UiviewExtension.swift; sourceTree = "<group>"; };
/* End PBXFileReference section */

/* Begin PBXFrameworksBuildPhase section */
		9C523DF222104A7E00A915D9 /* Frameworks */ = {
			isa = PBXFrameworksBuildPhase;
			buildActionMask = 2147483647;
			files = (
			);
			runOnlyForDeploymentPostprocessing = 0;
		};
/* End PBXFrameworksBuildPhase section */

/* Begin PBXGroup section */
		9C523DEC22104A7D00A915D9 = {
			isa = PBXGroup;
			children = (
				9CA9E8542227306100C7BDBE /* MyParticle4.sks */,
				9C27573A221ECABC00C1622A /* MyParticle222.sks */,
				9C27572F221EC57600C1622A /* Assets.xcassets */,
				9C523DF722104A7E00A915D9 /* MediumClap */,
				9C523DF622104A7E00A915D9 /* Products */,
			);
			sourceTree = "<group>";
		};
		9C523DF622104A7E00A915D9 /* Products */ = {
			isa = PBXGroup;
			children = (
				9C523DF522104A7E00A915D9 /* MediumClap.app */,
			);
			name = Products;
			sourceTree = "<group>";
		};
		9C523DF722104A7E00A915D9 /* MediumClap */ = {
			isa = PBXGroup;
			children = (
				9C27573C221EDA8100C1622A /* Star.png */,
				9C523DF822104A7E00A915D9 /* AppDelegate.swift */,
				9C523DFA22104A7E00A915D9 /* ViewController.swift */,
				9C275736221EC73300C1622A /* ParticleTestController.swift */,
				9CF76BF2221E03FB008D5078 /* UiviewExtension.swift */,
				9C27572A221EC4B200C1622A /* MyParticle.sks */,
				9C523DFC22104A7E00A915D9 /* Main.storyboard */,
				9C523DFF22104A7E00A915D9 /* Assets.xcassets */,
				9C523E0122104A7E00A915D9 /* LaunchScreen.storyboard */,
				9C523E0422104A7E00A915D9 /* Info.plist */,
			);
			path = MediumClap;
			sourceTree = "<group>";
		};
/* End PBXGroup section */

/* Begin PBXNativeTarget section */
		9C523DF422104A7E00A915D9 /* MediumClap */ = {
			isa = PBXNativeTarget;
			buildConfigurationList = 9C523E0722104A7E00A915D9 /* Build configuration list for PBXNativeTarget "MediumClap" */;
			buildPhases = (
				9C523DF122104A7E00A915D9 /* Sources */,
				9C523DF222104A7E00A915D9 /* Frameworks */,
				9C523DF322104A7E00A915D9 /* Resources */,
			);
			buildRules = (
			);
			dependencies = (
			);
			name = MediumClap;
			productName = MediumClap;
			productReference = 9C523DF522104A7E00A915D9 /* MediumClap.app */;
			productType = "com.apple.product-type.application";
		};
/* End PBXNativeTarget section */

/* Begin PBXProject section */
		9C523DED22104A7D00A915D9 /* Project object */ = {
			isa = PBXProject;
			attributes = {
				LastSwiftUpdateCheck = 1010;
				LastUpgradeCheck = 1010;
				ORGANIZATIONNAME = "Afnan Khan";
				TargetAttributes = {
					9C523DF422104A7E00A915D9 = {
						CreatedOnToolsVersion = 10.1;
					};
				};
			};
			buildConfigurationList = 9C523DF022104A7D00A915D9 /* Build configuration list for PBXProject "MediumClap" */;
			compatibilityVersion = "Xcode 9.3";
			developmentRegion = en;
			hasScannedForEncodings = 0;
			knownRegions = (
				en,
				Base,
			);
			mainGroup = 9C523DEC22104A7D00A915D9;
			productRefGroup = 9C523DF622104A7E00A915D9 /* Products */;
			projectDirPath = "";
			projectRoot = "";
			targets = (
				9C523DF422104A7E00A915D9 /* MediumClap */,
			);
		};
/* End PBXProject section */

/* Begin PBXResourcesBuildPhase section */
		9C523DF322104A7E00A915D9 /* Resources */ = {
			isa = PBXResourcesBuildPhase;
			buildActionMask = 2147483647;
			files = (
				9C27573B221ECABC00C1622A /* MyParticle222.sks in Resources */,
				9C27573D221EDA8200C1622A /* Star.png in Resources */,
				9C523E0322104A7E00A915D9 /* LaunchScreen.storyboard in Resources */,
				9C523E0022104A7E00A915D9 /* Assets.xcassets in Resources */,
				9CA9E8552227306100C7BDBE /* MyParticle4.sks in Resources */,
				9C523DFE22104A7E00A915D9 /* Main.storyboard in Resources */,
				9C27572B221EC4B200C1622A /* MyParticle.sks in Resources */,
				9C275731221EC57600C1622A /* Assets.xcassets in Resources */,
			);
			runOnlyForDeploymentPostprocessing = 0;
		};
/* End PBXResourcesBuildPhase section */

/* Begin PBXSourcesBuildPhase section */
		9C523DF122104A7E00A915D9 /* Sources */ = {
			isa = PBXSourcesBuildPhase;
			buildActionMask = 2147483647;
			files = (
				9C523DFB22104A7E00A915D9 /* ViewController.swift in Sources */,
				9C523DF922104A7E00A915D9 /* AppDelegate.swift in Sources */,
				9CF76BF3221E03FB008D5078 /* UiviewExtension.swift in Sources */,
				9C275737221EC73300C1622A /* ParticleTestController.swift in Sources */,
			);
			runOnlyForDeploymentPostprocessing = 0;
		};
/* End PBXSourcesBuildPhase section */

/* Begin PBXVariantGroup section */
		9C523DFC22104A7E00A915D9 /* Main.storyboard */ = {
			isa = PBXVariantGroup;
			children = (
				9C523DFD22104A7E00A915D9 /* Base */,
			);
			name = Main.storyboard;
			sourceTree = "<group>";
		};
		9C523E0122104A7E00A915D9 /* LaunchScreen.storyboard */ = {
			isa = PBXVariantGroup;
			children = (
				9C523E0222104A7E00A915D9 /* Base */,
			);
			name = LaunchScreen.storyboard;
			sourceTree = "<group>";
		};
/* End PBXVariantGroup section */

/* Begin XCBuildConfiguration section */
		9C523E0522104A7E00A915D9 /* Debug */ = {
			isa = XCBuildConfiguration;
			buildSettings = {
				ALWAYS_SEARCH_USER_PATHS = NO;
				CLANG_ANALYZER_NONNULL = YES;
				CLANG_ANALYZER_NUMBER_OBJECT_CONVERSION = YES_AGGRESSIVE;
				CLANG_CXX_LANGUAGE_STANDARD = "gnu++14";
				CLANG_CXX_LIBRARY = "libc++";
				CLANG_ENABLE_MODULES = YES;
				CLANG_ENABLE_OBJC_ARC = YES;
				CLANG_ENABLE_OBJC_WEAK = YES;
				CLANG_WARN_BLOCK_CAPTURE_AUTORELEASING = YES;
				CLANG_WARN_BOOL_CONVERSION = YES;
				CLANG_WARN_COMMA = YES;
				CLANG_WARN_CONSTANT_CONVERSION = YES;
				CLANG_WARN_DEPRECATED_OBJC_IMPLEMENTATIONS = YES;
				CLANG_WARN_DIRECT_OBJC_ISA_USAGE = YES_ERROR;
				CLANG_WARN_DOCUMENTATION_COMMENTS = YES;
				CLANG_WARN_EMPTY_BODY = YES;
				CLANG_WARN_ENUM_CONVERSION = YES;
				CLANG_WARN_INFINITE_RECURSION = YES;
				CLANG_WARN_INT_CONVERSION = YES;
				CLANG_WARN_NON_LITERAL_NULL_CONVERSION = YES;
				CLANG_WARN_OBJC_IMPLICIT_RETAIN_SELF = YES;
				CLANG_WARN_OBJC_LITERAL_CONVERSION = YES;
				CLANG_WARN_OBJC_ROOT_CLASS = YES_ERROR;
				CLANG_WARN_RANGE_LOOP_ANALYSIS = YES;
				CLANG_WARN_STRICT_PROTOTYPES = YES;
				CLANG_WARN_SUSPICIOUS_MOVE = YES;
				CLANG_WARN_UNGUARDED_AVAILABILITY = YES_AGGRESSIVE;
				CLANG_WARN_UNREACHABLE_CODE = YES;
				CLANG_WARN__DUPLICATE_METHOD_MATCH = YES;
				CODE_SIGN_IDENTITY = "iPhone Developer";
				COPY_PHASE_STRIP = NO;
				DEBUG_INFORMATION_FORMAT = dwarf;
				ENABLE_STRICT_OBJC_MSGSEND = YES;
				ENABLE_TESTABILITY = YES;
				GCC_C_LANGUAGE_STANDARD = gnu11;
				GCC_DYNAMIC_NO_PIC = NO;
				GCC_NO_COMMON_BLOCKS = YES;
				GCC_OPTIMIZATION_LEVEL = 0;
				GCC_PREPROCESSOR_DEFINITIONS = (
					"DEBUG=1",
					"$(inherited)",
				);
				GCC_WARN_64_TO_32_BIT_CONVERSION = YES;
				GCC_WARN_ABOUT_RETURN_TYPE = YES_ERROR;
				GCC_WARN_UNDECLARED_SELECTOR = YES;
				GCC_WARN_UNINITIALIZED_AUTOS = YES_AGGRESSIVE;
				GCC_WARN_UNUSED_FUNCTION = YES;
				GCC_WARN_UNUSED_VARIABLE = YES;
				IPHONEOS_DEPLOYMENT_TARGET = 12.1;
				MTL_ENABLE_DEBUG_INFO = INCLUDE_SOURCE;
				MTL_FAST_MATH = YES;
				ONLY_ACTIVE_ARCH = YES;
				SDKROOT = iphoneos;
				SWIFT_ACTIVE_COMPILATION_CONDITIONS = DEBUG;
				SWIFT_OPTIMIZATION_LEVEL = "-Onone";
			};
			name = Debug;
		};
		9C523E0622104A7E00A915D9 /* Release */ = {
			isa = XCBuildConfiguration;
			buildSettings = {
				ALWAYS_SEARCH_USER_PATHS = NO;
				CLANG_ANALYZER_NONNULL = YES;
				CLANG_ANALYZER_NUMBER_OBJECT_CONVERSION = YES_AGGRESSIVE;
				CLANG_CXX_LANGUAGE_STANDARD = "gnu++14";
				CLANG_CXX_LIBRARY = "libc++";
				CLANG_ENABLE_MODULES = YES;
				CLANG_ENABLE_OBJC_ARC = YES;
				CLANG_ENABLE_OBJC_WEAK = YES;
				CLANG_WARN_BLOCK_CAPTURE_AUTORELEASING = YES;
				CLANG_WARN_BOOL_CONVERSION = YES;
				CLANG_WARN_COMMA = YES;
				CLANG_WARN_CONSTANT_CONVERSION = YES;
				CLANG_WARN_DEPRECATED_OBJC_IMPLEMENTATIONS = YES;
				CLANG_WARN_DIRECT_OBJC_ISA_USAGE = YES_ERROR;
				CLANG_WARN_DOCUMENTATION_COMMENTS = YES;
				CLANG_WARN_EMPTY_BODY = YES;
				CLANG_WARN_ENUM_CONVERSION = YES;
				CLANG_WARN_INFINITE_RECURSION = YES;
				CLANG_WARN_INT_CONVERSION = YES;
				CLANG_WARN_NON_LITERAL_NULL_CONVERSION = YES;
				CLANG_WARN_OBJC_IMPLICIT_RETAIN_SELF = YES;
				CLANG_WARN_OBJC_LITERAL_CONVERSION = YES;
				CLANG_WARN_OBJC_ROOT_CLASS = YES_ERROR;
				CLANG_WARN_RANGE_LOOP_ANALYSIS = YES;
				CLANG_WARN_STRICT_PROTOTYPES = YES;
				CLANG_WARN_SUSPICIOUS_MOVE = YES;
				CLANG_WARN_UNGUARDED_AVAILABILITY = YES_AGGRESSIVE;
				CLANG_WARN_UNREACHABLE_CODE = YES;
				CLANG_WARN__DUPLICATE_METHOD_MATCH = YES;
				CODE_SIGN_IDENTITY = "iPhone Developer";
				COPY_PHASE_STRIP = NO;
				DEBUG_INFORMATION_FORMAT = "dwarf-with-dsym";
				ENABLE_NS_ASSERTIONS = NO;
				ENABLE_STRICT_OBJC_MSGSEND = YES;
				GCC_C_LANGUAGE_STANDARD = gnu11;
				GCC_NO_COMMON_BLOCKS = YES;
				GCC_WARN_64_TO_32_BIT_CONVERSION = YES;
				GCC_WARN_ABOUT_RETURN_TYPE = YES_ERROR;
				GCC_WARN_UNDECLARED_SELECTOR = YES;
				GCC_WARN_UNINITIALIZED_AUTOS = YES_AGGRESSIVE;
				GCC_WARN_UNUSED_FUNCTION = YES;
				GCC_WARN_UNUSED_VARIABLE = YES;
				IPHONEOS_DEPLOYMENT_TARGET = 12.1;
				MTL_ENABLE_DEBUG_INFO = NO;
				MTL_FAST_MATH = YES;
				SDKROOT = iphoneos;
				SWIFT_COMPILATION_MODE = wholemodule;
				SWIFT_OPTIMIZATION_LEVEL = "-O";
				VALIDATE_PRODUCT = YES;
			};
			name = Release;
		};
		9C523E0822104A7E00A915D9 /* Debug */ = {
			isa = XCBuildConfiguration;
			buildSettings = {
				ASSETCATALOG_COMPILER_APPICON_NAME = AppIcon;
				CODE_SIGN_STYLE = Automatic;
				INFOPLIST_FILE = MediumClap/Info.plist;
				LD_RUNPATH_SEARCH_PATHS = (
					"$(inherited)",
					"@executable_path/Frameworks",
				);
				PRODUCT_BUNDLE_IDENTIFIER = com.test.testingApp.MediumClap;
				PRODUCT_NAME = "$(TARGET_NAME)";
				SWIFT_VERSION = 4.2;
				TARGETED_DEVICE_FAMILY = "1,2";
			};
			name = Debug;
		};
		9C523E0922104A7E00A915D9 /* Release */ = {
			isa = XCBuildConfiguration;
			buildSettings = {
				ASSETCATALOG_COMPILER_APPICON_NAME = AppIcon;
				CODE_SIGN_STYLE = Automatic;
				INFOPLIST_FILE = MediumClap/Info.plist;
				LD_RUNPATH_SEARCH_PATHS = (
					"$(inherited)",
					"@executable_path/Frameworks",
				);
				PRODUCT_BUNDLE_IDENTIFIER = com.test.testingApp.MediumClap;
				PRODUCT_NAME = "$(TARGET_NAME)";
				SWIFT_VERSION = 4.2;
				TARGETED_DEVICE_FAMILY = "1,2";
			};
			name = Release;
		};
/* End XCBuildConfiguration section */

/* Begin XCConfigurationList section */
		9C523DF022104A7D00A915D9 /* Build configuration list for PBXProject "MediumClap" */ = {
			isa = XCConfigurationList;
			buildConfigurations = (
				9C523E0522104A7E00A915D9 /* Debug */,
				9C523E0622104A7E00A915D9 /* Release */,
			);
			defaultConfigurationIsVisible = 0;
			defaultConfigurationName = Release;
		};
		9C523E0722104A7E00A915D9 /* Build configuration list for PBXNativeTarget "MediumClap" */ = {
			isa = XCConfigurationList;
			buildConfigurations = (
				9C523E0822104A7E00A915D9 /* Debug */,
				9C523E0922104A7E00A915D9 /* Release */,
			);
			defaultConfigurationIsVisible = 0;
			defaultConfigurationName = Release;
		};
/* End XCConfigurationList section */
	};
	rootObject = 9C523DED22104A7D00A915D9 /* Project object */;
}
